
Microsoft Visual Studio Solution File, Format Version 12.00
# Visual Studio 15
VisualStudioVersion = 15.0.28307.1259
MinimumVisualStudioVersion = 10.0.40219.1
Project("{FAE04EC0-301F-11D3-BF4B-00C04F79EFBC}") = "SATUI.MVC", "SATUI.MVC\SATUI.MVC.csproj", "{E31903F2-1AD1-4F0F-A88A-22772401692A}"
EndProject
Project("{FAE04EC0-301F-11D3-BF4B-00C04F79EFBC}") = "SAT.DATA.EF", "SAT.DATA.EF\SAT.DATA.EF.csproj", "{042C34BF-423D-4C03-B67C-E84DC143444D}"
EndProject
Global
	GlobalSection(SolutionConfigurationPlatforms) = preSolution
		Debug|Any CPU = Debug|Any CPU
		Release|Any CPU = Release|Any CPU
	EndGlobalSection
	GlobalSection(ProjectConfigurationPlatforms) = postSolution
		{E31903F2-1AD1-4F0F-A88A-22772401692A}.Debug|Any CPU.ActiveCfg = Debug|Any CPU
		{E31903F2-1AD1-4F0F-A88A-22772401692A}.Debug|Any CPU.Build.0 = Debug|Any CPU
		{E31903F2-1AD1-4F0F-A88A-22772401692A}.Release|Any CPU.ActiveCfg = Release|Any CPU
		{E31903F2-1AD1-4F0F-A88A-22772401692A}.Release|Any CPU.Build.0 = Release|Any CPU
		{042C34BF-423D-4C03-B67C-E84DC143444D}.Debug|Any CPU.ActiveCfg = Debug|Any CPU
		{042C34BF-423D-4C03-B67C-E84DC143444D}.Debug|Any CPU.Build.0 = Debug|Any CPU
		{042C34BF-423D-4C03-B67C-E84DC143444D}.Release|Any CPU.ActiveCfg = Release|Any CPU
		{042C34BF-423D-4C03-B67C-E84DC143444D}.Release|Any CPU.Build.0 = Release|Any CPU
	EndGlobalSection
	GlobalSection(SolutionProperties) = preSolution
		HideSolutionNode = FALSE
	EndGlobalSection
	GlobalSection(ExtensibilityGlobals) = postSolution
		SolutionGuid = {D9F8745F-44F6-4B76-862F-C3519E8AB102}
	EndGlobalSection
EndGlobal
